
Microsoft Visual Studio Solution File, Format Version 12.00
# Visual Studio 15
VisualStudioVersion = 15.0.27703.2018
MinimumVisualStudioVersion = 10.0.40219.1
Project("{9A19103F-16F7-4668-BE54-9A1E7A4F7556}") = "SuggeBook.Api", "SuggeBook.Api\SuggeBook.Api.csproj", "{61C2FC56-7BC9-4A8F-A118-28C48321DCCB}"
EndProject
Project("{9A19103F-16F7-4668-BE54-9A1E7A4F7556}") = "SuggeBook.Dto", "SuggeBook.Dao\SuggeBook.Dto.csproj", "{160245C2-8A2A-4E2A-84B6-51B79F03F6D6}"
EndProject
Project("{9A19103F-16F7-4668-BE54-9A1E7A4F7556}") = "SuggeBook.Domain", "SuggeBook.Framework\SuggeBook.Domain.csproj", "{38133577-FE38-4FAC-B52D-AF15846D649D}"
EndProject
Project("{9A19103F-16F7-4668-BE54-9A1E7A4F7556}") = "SuggeBook.Persistence", "SuggeBookDataAccess\SuggeBook.Persistence.csproj", "{1137A8D1-CB48-4840-A5C2-C23DFDB6EBE7}"
EndProject
Project("{9A19103F-16F7-4668-BE54-9A1E7A4F7556}") = "SuggeBook.Business", "SuggeBook.Business\SuggeBook.Business.csproj", "{4046692C-81BF-4BDF-B388-0D6F99958B7A}"
EndProject
Project("{FAE04EC0-301F-11D3-BF4B-00C04F79EFBC}") = "SuggeBook.Infrastructure", "SuggeBook.Infrastructure\SuggeBook.Infrastructure.csproj", "{0618C3A8-7B20-4660-84C2-64A26A9AB149}"
EndProject
Project("{FAE04EC0-301F-11D3-BF4B-00C04F79EFBC}") = "SuggeBook.Persistence.Documents", "SuggeBook.Persistence.Documents\SuggeBook.Persistence.Documents.csproj", "{FEDEC6CB-6DC6-46A7-9B01-EE2B0FDBE4E4}"
EndProject
Global
	GlobalSection(SolutionConfigurationPlatforms) = preSolution
		Debug|Any CPU = Debug|Any CPU
		Debug|ARM = Debug|ARM
		Debug|x64 = Debug|x64
		Debug|x86 = Debug|x86
		Release|Any CPU = Release|Any CPU
		Release|ARM = Release|ARM
		Release|x64 = Release|x64
		Release|x86 = Release|x86
	EndGlobalSection
	GlobalSection(ProjectConfigurationPlatforms) = postSolution
		{61C2FC56-7BC9-4A8F-A118-28C48321DCCB}.Debug|Any CPU.ActiveCfg = Debug|Any CPU
		{61C2FC56-7BC9-4A8F-A118-28C48321DCCB}.Debug|Any CPU.Build.0 = Debug|Any CPU
		{61C2FC56-7BC9-4A8F-A118-28C48321DCCB}.Debug|ARM.ActiveCfg = Debug|Any CPU
		{61C2FC56-7BC9-4A8F-A118-28C48321DCCB}.Debug|ARM.Build.0 = Debug|Any CPU
		{61C2FC56-7BC9-4A8F-A118-28C48321DCCB}.Debug|x64.ActiveCfg = Debug|Any CPU
		{61C2FC56-7BC9-4A8F-A118-28C48321DCCB}.Debug|x64.Build.0 = Debug|Any CPU
		{61C2FC56-7BC9-4A8F-A118-28C48321DCCB}.Debug|x86.ActiveCfg = Debug|Any CPU
		{61C2FC56-7BC9-4A8F-A118-28C48321DCCB}.Debug|x86.Build.0 = Debug|Any CPU
		{61C2FC56-7BC9-4A8F-A118-28C48321DCCB}.Release|Any CPU.ActiveCfg = Release|Any CPU
		{61C2FC56-7BC9-4A8F-A118-28C48321DCCB}.Release|Any CPU.Build.0 = Release|Any CPU
		{61C2FC56-7BC9-4A8F-A118-28C48321DCCB}.Release|ARM.ActiveCfg = Release|Any CPU
		{61C2FC56-7BC9-4A8F-A118-28C48321DCCB}.Release|ARM.Build.0 = Release|Any CPU
		{61C2FC56-7BC9-4A8F-A118-28C48321DCCB}.Release|x64.ActiveCfg = Release|Any CPU
		{61C2FC56-7BC9-4A8F-A118-28C48321DCCB}.Release|x64.Build.0 = Release|Any CPU
		{61C2FC56-7BC9-4A8F-A118-28C48321DCCB}.Release|x86.ActiveCfg = Release|Any CPU
		{61C2FC56-7BC9-4A8F-A118-28C48321DCCB}.Release|x86.Build.0 = Release|Any CPU
		{160245C2-8A2A-4E2A-84B6-51B79F03F6D6}.Debug|Any CPU.ActiveCfg = Debug|Any CPU
		{160245C2-8A2A-4E2A-84B6-51B79F03F6D6}.Debug|Any CPU.Build.0 = Debug|Any CPU
		{160245C2-8A2A-4E2A-84B6-51B79F03F6D6}.Debug|ARM.ActiveCfg = Debug|Any CPU
		{160245C2-8A2A-4E2A-84B6-51B79F03F6D6}.Debug|ARM.Build.0 = Debug|Any CPU
		{160245C2-8A2A-4E2A-84B6-51B79F03F6D6}.Debug|x64.ActiveCfg = Debug|Any CPU
		{160245C2-8A2A-4E2A-84B6-51B79F03F6D6}.Debug|x64.Build.0 = Debug|Any CPU
		{160245C2-8A2A-4E2A-84B6-51B79F03F6D6}.Debug|x86.ActiveCfg = Debug|Any CPU
		{160245C2-8A2A-4E2A-84B6-51B79F03F6D6}.Debug|x86.Build.0 = Debug|Any CPU
		{160245C2-8A2A-4E2A-84B6-51B79F03F6D6}.Release|Any CPU.ActiveCfg = Release|Any CPU
		{160245C2-8A2A-4E2A-84B6-51B79F03F6D6}.Release|Any CPU.Build.0 = Release|Any CPU
		{160245C2-8A2A-4E2A-84B6-51B79F03F6D6}.Release|ARM.ActiveCfg = Release|Any CPU
		{160245C2-8A2A-4E2A-84B6-51B79F03F6D6}.Release|ARM.Build.0 = Release|Any CPU
		{160245C2-8A2A-4E2A-84B6-51B79F03F6D6}.Release|x64.ActiveCfg = Release|Any CPU
		{160245C2-8A2A-4E2A-84B6-51B79F03F6D6}.Release|x64.Build.0 = Release|Any CPU
		{160245C2-8A2A-4E2A-84B6-51B79F03F6D6}.Release|x86.ActiveCfg = Release|Any CPU
		{160245C2-8A2A-4E2A-84B6-51B79F03F6D6}.Release|x86.Build.0 = Release|Any CPU
		{38133577-FE38-4FAC-B52D-AF15846D649D}.Debug|Any CPU.ActiveCfg = Debug|Any CPU
		{38133577-FE38-4FAC-B52D-AF15846D649D}.Debug|Any CPU.Build.0 = Debug|Any CPU
		{38133577-FE38-4FAC-B52D-AF15846D649D}.Debug|ARM.ActiveCfg = Debug|Any CPU
		{38133577-FE38-4FAC-B52D-AF15846D649D}.Debug|ARM.Build.0 = Debug|Any CPU
		{38133577-FE38-4FAC-B52D-AF15846D649D}.Debug|x64.ActiveCfg = Debug|Any CPU
		{38133577-FE38-4FAC-B52D-AF15846D649D}.Debug|x64.Build.0 = Debug|Any CPU
		{38133577-FE38-4FAC-B52D-AF15846D649D}.Debug|x86.ActiveCfg = Debug|Any CPU
		{38133577-FE38-4FAC-B52D-AF15846D649D}.Debug|x86.Build.0 = Debug|Any CPU
		{38133577-FE38-4FAC-B52D-AF15846D649D}.Release|Any CPU.ActiveCfg = Release|Any CPU
		{38133577-FE38-4FAC-B52D-AF15846D649D}.Release|Any CPU.Build.0 = Release|Any CPU
		{38133577-FE38-4FAC-B52D-AF15846D649D}.Release|ARM.ActiveCfg = Release|Any CPU
		{38133577-FE38-4FAC-B52D-AF15846D649D}.Release|ARM.Build.0 = Release|Any CPU
		{38133577-FE38-4FAC-B52D-AF15846D649D}.Release|x64.ActiveCfg = Release|Any CPU
		{38133577-FE38-4FAC-B52D-AF15846D649D}.Release|x64.Build.0 = Release|Any CPU
		{38133577-FE38-4FAC-B52D-AF15846D649D}.Release|x86.ActiveCfg = Release|Any CPU
		{38133577-FE38-4FAC-B52D-AF15846D649D}.Release|x86.Build.0 = Release|Any CPU
		{1137A8D1-CB48-4840-A5C2-C23DFDB6EBE7}.Debug|Any CPU.ActiveCfg = Debug|Any CPU
		{1137A8D1-CB48-4840-A5C2-C23DFDB6EBE7}.Debug|Any CPU.Build.0 = Debug|Any CPU
		{1137A8D1-CB48-4840-A5C2-C23DFDB6EBE7}.Debug|ARM.ActiveCfg = Debug|Any CPU
		{1137A8D1-CB48-4840-A5C2-C23DFDB6EBE7}.Debug|ARM.Build.0 = Debug|Any CPU
		{1137A8D1-CB48-4840-A5C2-C23DFDB6EBE7}.Debug|x64.ActiveCfg = Debug|Any CPU
		{1137A8D1-CB48-4840-A5C2-C23DFDB6EBE7}.Debug|x64.Build.0 = Debug|Any CPU
		{1137A8D1-CB48-4840-A5C2-C23DFDB6EBE7}.Debug|x86.ActiveCfg = Debug|Any CPU
		{1137A8D1-CB48-4840-A5C2-C23DFDB6EBE7}.Debug|x86.Build.0 = Debug|Any CPU
		{1137A8D1-CB48-4840-A5C2-C23DFDB6EBE7}.Release|Any CPU.ActiveCfg = Release|Any CPU
		{1137A8D1-CB48-4840-A5C2-C23DFDB6EBE7}.Release|Any CPU.Build.0 = Release|Any CPU
		{1137A8D1-CB48-4840-A5C2-C23DFDB6EBE7}.Release|ARM.ActiveCfg = Release|Any CPU
		{1137A8D1-CB48-4840-A5C2-C23DFDB6EBE7}.Release|ARM.Build.0 = Release|Any CPU
		{1137A8D1-CB48-4840-A5C2-C23DFDB6EBE7}.Release|x64.ActiveCfg = Release|Any CPU
		{1137A8D1-CB48-4840-A5C2-C23DFDB6EBE7}.Release|x64.Build.0 = Release|Any CPU
		{1137A8D1-CB48-4840-A5C2-C23DFDB6EBE7}.Release|x86.ActiveCfg = Release|Any CPU
		{1137A8D1-CB48-4840-A5C2-C23DFDB6EBE7}.Release|x86.Build.0 = Release|Any CPU
		{4046692C-81BF-4BDF-B388-0D6F99958B7A}.Debug|Any CPU.ActiveCfg = Debug|Any CPU
		{4046692C-81BF-4BDF-B388-0D6F99958B7A}.Debug|Any CPU.Build.0 = Debug|Any CPU
		{4046692C-81BF-4BDF-B388-0D6F99958B7A}.Debug|ARM.ActiveCfg = Debug|Any CPU
		{4046692C-81BF-4BDF-B388-0D6F99958B7A}.Debug|ARM.Build.0 = Debug|Any CPU
		{4046692C-81BF-4BDF-B388-0D6F99958B7A}.Debug|x64.ActiveCfg = Debug|Any CPU
		{4046692C-81BF-4BDF-B388-0D6F99958B7A}.Debug|x64.Build.0 = Debug|Any CPU
		{4046692C-81BF-4BDF-B388-0D6F99958B7A}.Debug|x86.ActiveCfg = Debug|Any CPU
		{4046692C-81BF-4BDF-B388-0D6F99958B7A}.Debug|x86.Build.0 = Debug|Any CPU
		{4046692C-81BF-4BDF-B388-0D6F99958B7A}.Release|Any CPU.ActiveCfg = Release|Any CPU
		{4046692C-81BF-4BDF-B388-0D6F99958B7A}.Release|Any CPU.Build.0 = Release|Any CPU
		{4046692C-81BF-4BDF-B388-0D6F99958B7A}.Release|ARM.ActiveCfg = Release|Any CPU
		{4046692C-81BF-4BDF-B388-0D6F99958B7A}.Release|ARM.Build.0 = Release|Any CPU
		{4046692C-81BF-4BDF-B388-0D6F99958B7A}.Release|x64.ActiveCfg = Release|Any CPU
		{4046692C-81BF-4BDF-B388-0D6F99958B7A}.Release|x64.Build.0 = Release|Any CPU
		{4046692C-81BF-4BDF-B388-0D6F99958B7A}.Release|x86.ActiveCfg = Release|Any CPU
		{4046692C-81BF-4BDF-B388-0D6F99958B7A}.Release|x86.Build.0 = Release|Any CPU
		{0618C3A8-7B20-4660-84C2-64A26A9AB149}.Debug|Any CPU.ActiveCfg = Debug|Any CPU
		{0618C3A8-7B20-4660-84C2-64A26A9AB149}.Debug|Any CPU.Build.0 = Debug|Any CPU
		{0618C3A8-7B20-4660-84C2-64A26A9AB149}.Debug|ARM.ActiveCfg = Debug|Any CPU
		{0618C3A8-7B20-4660-84C2-64A26A9AB149}.Debug|ARM.Build.0 = Debug|Any CPU
		{0618C3A8-7B20-4660-84C2-64A26A9AB149}.Debug|x64.ActiveCfg = Debug|Any CPU
		{0618C3A8-7B20-4660-84C2-64A26A9AB149}.Debug|x64.Build.0 = Debug|Any CPU
		{0618C3A8-7B20-4660-84C2-64A26A9AB149}.Debug|x86.ActiveCfg = Debug|Any CPU
		{0618C3A8-7B20-4660-84C2-64A26A9AB149}.Debug|x86.Build.0 = Debug|Any CPU
		{0618C3A8-7B20-4660-84C2-64A26A9AB149}.Release|Any CPU.ActiveCfg = Release|Any CPU
		{0618C3A8-7B20-4660-84C2-64A26A9AB149}.Release|Any CPU.Build.0 = Release|Any CPU
		{0618C3A8-7B20-4660-84C2-64A26A9AB149}.Release|ARM.ActiveCfg = Release|Any CPU
		{0618C3A8-7B20-4660-84C2-64A26A9AB149}.Release|ARM.Build.0 = Release|Any CPU
		{0618C3A8-7B20-4660-84C2-64A26A9AB149}.Release|x64.ActiveCfg = Release|Any CPU
		{0618C3A8-7B20-4660-84C2-64A26A9AB149}.Release|x64.Build.0 = Release|Any CPU
		{0618C3A8-7B20-4660-84C2-64A26A9AB149}.Release|x86.ActiveCfg = Release|Any CPU
		{0618C3A8-7B20-4660-84C2-64A26A9AB149}.Release|x86.Build.0 = Release|Any CPU
		{FEDEC6CB-6DC6-46A7-9B01-EE2B0FDBE4E4}.Debug|Any CPU.ActiveCfg = Debug|Any CPU
		{FEDEC6CB-6DC6-46A7-9B01-EE2B0FDBE4E4}.Debug|Any CPU.Build.0 = Debug|Any CPU
		{FEDEC6CB-6DC6-46A7-9B01-EE2B0FDBE4E4}.Debug|ARM.ActiveCfg = Debug|Any CPU
		{FEDEC6CB-6DC6-46A7-9B01-EE2B0FDBE4E4}.Debug|ARM.Build.0 = Debug|Any CPU
		{FEDEC6CB-6DC6-46A7-9B01-EE2B0FDBE4E4}.Debug|x64.ActiveCfg = Debug|Any CPU
		{FEDEC6CB-6DC6-46A7-9B01-EE2B0FDBE4E4}.Debug|x64.Build.0 = Debug|Any CPU
		{FEDEC6CB-6DC6-46A7-9B01-EE2B0FDBE4E4}.Debug|x86.ActiveCfg = Debug|Any CPU
		{FEDEC6CB-6DC6-46A7-9B01-EE2B0FDBE4E4}.Debug|x86.Build.0 = Debug|Any CPU
		{FEDEC6CB-6DC6-46A7-9B01-EE2B0FDBE4E4}.Release|Any CPU.ActiveCfg = Release|Any CPU
		{FEDEC6CB-6DC6-46A7-9B01-EE2B0FDBE4E4}.Release|Any CPU.Build.0 = Release|Any CPU
		{FEDEC6CB-6DC6-46A7-9B01-EE2B0FDBE4E4}.Release|ARM.ActiveCfg = Release|Any CPU
		{FEDEC6CB-6DC6-46A7-9B01-EE2B0FDBE4E4}.Release|ARM.Build.0 = Release|Any CPU
		{FEDEC6CB-6DC6-46A7-9B01-EE2B0FDBE4E4}.Release|x64.ActiveCfg = Release|Any CPU
		{FEDEC6CB-6DC6-46A7-9B01-EE2B0FDBE4E4}.Release|x64.Build.0 = Release|Any CPU
		{FEDEC6CB-6DC6-46A7-9B01-EE2B0FDBE4E4}.Release|x86.ActiveCfg = Release|Any CPU
		{FEDEC6CB-6DC6-46A7-9B01-EE2B0FDBE4E4}.Release|x86.Build.0 = Release|Any CPU
	EndGlobalSection
	GlobalSection(SolutionProperties) = preSolution
		HideSolutionNode = FALSE
	EndGlobalSection
	GlobalSection(ExtensibilityGlobals) = postSolution
		SolutionGuid = {313952E1-64BC-4681-85FA-461308C227D6}
	EndGlobalSection
EndGlobal
